
Microsoft Visual Studio Solution File, Format Version 12.00
# Visual Studio Version 17
VisualStudioVersion = 17.5.002.0
MinimumVisualStudioVersion = 10.0.40219.1
Project("{9A19103F-16F7-4668-BE54-9A1E7A4F7556}") = "Azure-Git-GitHub-DevOps", "Azure-Git-GitHub-DevOps.csproj", "{832A7C25-EE67-487A-B6D5-E62B06B84ECC}"
EndProject
Global
	GlobalSection(SolutionConfigurationPlatforms) = preSolution
		Debug|Any CPU = Debug|Any CPU
		Release|Any CPU = Release|Any CPU
	EndGlobalSection
	GlobalSection(ProjectConfigurationPlatforms) = postSolution
		{832A7C25-EE67-487A-B6D5-E62B06B84ECC}.Debug|Any CPU.ActiveCfg = Debug|Any CPU
		{832A7C25-EE67-487A-B6D5-E62B06B84ECC}.Debug|Any CPU.Build.0 = Debug|Any CPU
		{832A7C25-EE67-487A-B6D5-E62B06B84ECC}.Release|Any CPU.ActiveCfg = Release|Any CPU
		{832A7C25-EE67-487A-B6D5-E62B06B84ECC}.Release|Any CPU.Build.0 = Release|Any CPU
	EndGlobalSection
	GlobalSection(SolutionProperties) = preSolution
		HideSolutionNode = FALSE
	EndGlobalSection
	GlobalSection(ExtensibilityGlobals) = postSolution
		SolutionGuid = {F05FF6AD-771C-4E96-B5DC-485954B07D54}
	EndGlobalSection
EndGlobal
